<?xml version="1.0" encoding="utf-8"?>
<Project ToolsVersion="4.0" xmlns="http://schemas.microsoft.com/developer/msbuild/2003">
  <ItemGroup>
    <ClCompile Include="src\FormHelpers\AlchemyItemHelper.cpp">
      <Filter>src\FormHelpers</Filter>
    </ClCompile>
    <ClCompile Include="src\FormHelpers\ArmorHelper.cpp">
      <Filter>src\FormHelpers</Filter>
    </ClCompile>
    <ClCompile Include="src\FormHelpers\ExtraDataListHelper.cpp">
      <Filter>src\FormHelpers</Filter>
    </ClCompile>
    <ClCompile Include="src\FormHelpers\FormHelper.cpp">
      <Filter>src\FormHelpers</Filter>
    </ClCompile>
    <ClCompile Include="src\FormHelpers\IHasValueWeight.cpp">
      <Filter>src\FormHelpers</Filter>
    </ClCompile>
    <ClCompile Include="src\FormHelpers\WeaponHelper.cpp">
      <Filter>src\FormHelpers</Filter>
    </ClCompile>
    <ClCompile Include="src\WorldState\ActorTracker.cpp">
      <Filter>src\WorldState</Filter>
    </ClCompile>
    <ClCompile Include="src\WorldState\PlayerHouses.cpp">
      <Filter>src\WorldState</Filter>
    </ClCompile>
    <ClCompile Include="src\WorldState\PlayerState.cpp">
      <Filter>src\WorldState</Filter>
    </ClCompile>
    <ClCompile Include="src\WorldState\PopulationCenters.cpp">
      <Filter>src\WorldState</Filter>
    </ClCompile>
    <ClCompile Include="src\Looting\containerLister.cpp">
      <Filter>src\Looting</Filter>
    </ClCompile>
    <ClCompile Include="src\Looting\InventoryItem.cpp">
      <Filter>src\Looting</Filter>
    </ClCompile>
    <ClCompile Include="src\Looting\ManagedLists.cpp">
      <Filter>src\Looting</Filter>
    </ClCompile>
    <ClCompile Include="src\Looting\objects.cpp">
      <Filter>src\Looting</Filter>
    </ClCompile>
    <ClCompile Include="src\Looting\ProducerLootables.cpp">
      <Filter>src\Looting</Filter>
    </ClCompile>
    <ClCompile Include="src\Data\dataCase.cpp">
      <Filter>src\Data</Filter>
    </ClCompile>
    <ClCompile Include="src\Data\iniSettings.cpp">
      <Filter>src\Data</Filter>
    </ClCompile>
    <ClCompile Include="src\Data\LoadOrder.cpp">
      <Filter>src\Data</Filter>
    </ClCompile>
    <ClCompile Include="src\Data\SimpleIni.cpp">
      <Filter>src\Data</Filter>
    </ClCompile>
    <ClCompile Include="src\Looting\IRangeChecker.cpp">
      <Filter>src\Looting</Filter>
    </ClCompile>
    <ClCompile Include="src\VM\EventPublisher.cpp">
      <Filter>src\VM</Filter>
    </ClCompile>
    <ClCompile Include="src\VM\papyrus.cpp">
      <Filter>src\VM</Filter>
    </ClCompile>
    <ClCompile Include="src\VM\UIState.cpp">
      <Filter>src\VM</Filter>
    </ClCompile>
    <ClCompile Include="src\Utilities\debugs.cpp">
      <Filter>src\Utilities</Filter>
    </ClCompile>
    <ClCompile Include="src\Utilities\Exception.cpp">
      <Filter>src\Utilities</Filter>
    </ClCompile>
    <ClCompile Include="src\Utilities\LogStackWalker.cpp">
      <Filter>src\Utilities</Filter>
    </ClCompile>
    <ClCompile Include="src\Utilities\RecursiveLock.cpp">
      <Filter>src\Utilities</Filter>
    </ClCompile>
    <ClCompile Include="src\Utilities\StackWalker.cpp">
      <Filter>src\Utilities</Filter>
    </ClCompile>
    <ClCompile Include="src\Utilities\utils.cpp">
      <Filter>src\Utilities</Filter>
    </ClCompile>
    <ClCompile Include="src\Utilities\version.cpp">
      <Filter>src\Utilities</Filter>
    </ClCompile>
    <ClCompile Include="src\main.cpp">
      <Filter>src</Filter>
    </ClCompile>
    <ClCompile Include="src\PrecompiledHeaders.cpp">
      <Filter>src</Filter>
    </ClCompile>
    <ClCompile Include="src\Collections\Collection.cpp">
      <Filter>src\Collections</Filter>
    </ClCompile>
    <ClCompile Include="src\Collections\CollectionFactory.cpp">
      <Filter>src\Collections</Filter>
    </ClCompile>
    <ClCompile Include="src\Collections\CollectionManager.cpp">
      <Filter>src\Collections</Filter>
    </ClCompile>
    <ClCompile Include="src\Collections\Condition.cpp">
      <Filter>src\Collections</Filter>
    </ClCompile>
    <ClCompile Include="src\Looting\LootableREFR.cpp">
      <Filter>src\Looting</Filter>
    </ClCompile>
    <ClCompile Include="src\alglib\alglibmisc.cpp">
      <Filter>src\alglib</Filter>
    </ClCompile>
    <ClCompile Include="src\alglib\ap.cpp">
      <Filter>src\alglib</Filter>
    </ClCompile>
    <ClCompile Include="src\alglib\alglibinternal.cpp">
      <Filter>src\alglib</Filter>
    </ClCompile>
    <ClCompile Include="src\Looting\ReferenceFilter.cpp">
      <Filter>src\Looting</Filter>
    </ClCompile>
    <ClCompile Include="src\Looting\TheftCoordinator.cpp">
      <Filter>src\Looting</Filter>
    </ClCompile>
    <ClCompile Include="src\PluginFacade.cpp">
      <Filter>src</Filter>
    </ClCompile>
    <ClCompile Include="src\Looting\TryLootREFR.cpp">
      <Filter>src\Looting</Filter>
    </ClCompile>
    <ClCompile Include="src\Looting\ScanGovernor.cpp">
      <Filter>src\Looting</Filter>
    </ClCompile>
    <ClCompile Include="src\Utilities\Enums.cpp">
      <Filter>src\Utilities</Filter>
    </ClCompile>
    <ClCompile Include="src\WorldState\LocationTracker.cpp">
      <Filter>src\WorldState</Filter>
    </ClCompile>
    <ClCompile Include="src\WorldState\VisitedPlaces.cpp">
      <Filter>src\WorldState</Filter>
    </ClCompile>
    <ClCompile Include="src\WorldState\PartyMembers.cpp">
      <Filter>src\WorldState</Filter>
    </ClCompile>
    <ClCompile Include="src\Data\CosaveData.cpp">
      <Filter>src\Data</Filter>
    </ClCompile>
    <ClCompile Include="src\WorldState\AdventureTargets.cpp">
      <Filter>src\WorldState</Filter>
    </ClCompile>
    <ClCompile Include="src\Looting\NPCFilter.cpp">
      <Filter>src\Looting</Filter>
    </ClCompile>
    <ClCompile Include="src\WorldState\PlacedObjects.cpp">
      <Filter>src\WorldState</Filter>
    </ClCompile>
    <ClCompile Include="src\WorldState\QuestTargets.cpp">
      <Filter>src\WorldState</Filter>
    </ClCompile>
    <ClCompile Include="src\WorldState\GameCalendar.cpp">
      <Filter>src\WorldState</Filter>
    </ClCompile>
    <ClCompile Include="src\WorldState\Saga.cpp">
      <Filter>src\WorldState</Filter>
    </ClCompile>
  </ItemGroup>
  <ItemGroup>
    <ClInclude Include="resource1.h">
      <Filter>resources</Filter>
    </ClInclude>
    <ClInclude Include="src\FormHelpers\AlchemyItemHelper.h">
      <Filter>src\FormHelpers</Filter>
    </ClInclude>
    <ClInclude Include="src\FormHelpers\ArmorHelper.h">
      <Filter>src\FormHelpers</Filter>
    </ClInclude>
    <ClInclude Include="src\FormHelpers\ExtraDataListHelper.h">
      <Filter>src\FormHelpers</Filter>
    </ClInclude>
    <ClInclude Include="src\FormHelpers\IHasValueWeight.h">
      <Filter>src\FormHelpers</Filter>
    </ClInclude>
    <ClInclude Include="src\FormHelpers\WeaponHelper.h">
      <Filter>src\FormHelpers</Filter>
    </ClInclude>
    <ClInclude Include="src\WorldState\ActorTracker.h">
      <Filter>src\WorldState</Filter>
    </ClInclude>
    <ClInclude Include="src\WorldState\LocationTracker.h">
      <Filter>src\WorldState</Filter>
    </ClInclude>
    <ClInclude Include="src\WorldState\PlayerHouses.h">
      <Filter>src\WorldState</Filter>
    </ClInclude>
    <ClInclude Include="src\WorldState\PlayerState.h">
      <Filter>src\WorldState</Filter>
    </ClInclude>
    <ClInclude Include="src\WorldState\PopulationCenters.h">
      <Filter>src\WorldState</Filter>
    </ClInclude>
    <ClInclude Include="src\Looting\containerLister.h">
      <Filter>src\Looting</Filter>
    </ClInclude>
    <ClInclude Include="src\Looting\InventoryItem.h">
      <Filter>src\Looting</Filter>
    </ClInclude>
    <ClInclude Include="src\Looting\objects.h">
      <Filter>src\Looting</Filter>
    </ClInclude>
    <ClInclude Include="src\Looting\ProducerLootables.h">
      <Filter>src\Looting</Filter>
    </ClInclude>
    <ClInclude Include="src\Data\dataCase.h">
      <Filter>src\Data</Filter>
    </ClInclude>
    <ClInclude Include="src\Data\iniSettings.h">
      <Filter>src\Data</Filter>
    </ClInclude>
    <ClInclude Include="src\Data\LoadOrder.h">
      <Filter>src\Data</Filter>
    </ClInclude>
    <ClInclude Include="src\Data\SimpleIni.h">
      <Filter>src\Data</Filter>
    </ClInclude>
    <ClInclude Include="src\Looting\IRangeChecker.h">
      <Filter>src\Looting</Filter>
    </ClInclude>
    <ClInclude Include="src\VM\EventPublisher.h">
      <Filter>src\VM</Filter>
    </ClInclude>
    <ClInclude Include="src\VM\papyrus.h">
      <Filter>src\VM</Filter>
    </ClInclude>
    <ClInclude Include="src\VM\UIState.h">
      <Filter>src\VM</Filter>
    </ClInclude>
    <ClInclude Include="src\Utilities\debugs.h">
      <Filter>src\Utilities</Filter>
    </ClInclude>
    <ClInclude Include="src\Utilities\Enums.h">
      <Filter>src\Utilities</Filter>
    </ClInclude>
    <ClInclude Include="src\Utilities\Exception.h">
      <Filter>src\Utilities</Filter>
    </ClInclude>
    <ClInclude Include="src\Utilities\LogStackWalker.h">
      <Filter>src\Utilities</Filter>
    </ClInclude>
    <ClInclude Include="src\Utilities\LogWrapper.h">
      <Filter>src\Utilities</Filter>
    </ClInclude>
    <ClInclude Include="src\Utilities\RecursiveLock.h">
      <Filter>src\Utilities</Filter>
    </ClInclude>
    <ClInclude Include="src\Utilities\StackWalker.h">
      <Filter>src\Utilities</Filter>
    </ClInclude>
    <ClInclude Include="src\Utilities\utils.h">
      <Filter>src\Utilities</Filter>
    </ClInclude>
    <ClInclude Include="src\Utilities\version.h">
      <Filter>src\Utilities</Filter>
    </ClInclude>
    <ClInclude Include="src\Utilities\versiondb.h">
      <Filter>src\Utilities</Filter>
    </ClInclude>
    <ClInclude Include="src\PrecompiledHeaders.h">
      <Filter>src</Filter>
    </ClInclude>
    <ClInclude Include="src\FormHelpers\FormHelper.h">
      <Filter>src\FormHelpers</Filter>
    </ClInclude>
    <ClInclude Include="src\Collections\Collection.h">
      <Filter>src\Collections</Filter>
    </ClInclude>
    <ClInclude Include="src\Collections\CollectionFactory.h">
      <Filter>src\Collections</Filter>
    </ClInclude>
    <ClInclude Include="src\Collections\CollectionManager.h">
      <Filter>src\Collections</Filter>
    </ClInclude>
    <ClInclude Include="src\Collections\Condition.h">
      <Filter>src\Collections</Filter>
    </ClInclude>
    <ClInclude Include="src\Looting\ObjectType.h">
      <Filter>src\Looting</Filter>
    </ClInclude>
    <ClInclude Include="src\Looting\ManagedLists.h">
      <Filter>src\Looting</Filter>
    </ClInclude>
    <ClInclude Include="src\Looting\LootableREFR.h">
      <Filter>src\Looting</Filter>
    </ClInclude>
    <ClInclude Include="src\alglib\alglibmisc.h">
      <Filter>src\alglib</Filter>
    </ClInclude>
    <ClInclude Include="src\alglib\ap.h">
      <Filter>src\alglib</Filter>
    </ClInclude>
    <ClInclude Include="src\alglib\alglibinternal.h">
      <Filter>src\alglib</Filter>
    </ClInclude>
    <ClInclude Include="src\Looting\ReferenceFilter.h">
      <Filter>src\Looting</Filter>
    </ClInclude>
    <ClInclude Include="src\Looting\TheftCoordinator.h">
      <Filter>src\Looting</Filter>
    </ClInclude>
    <ClInclude Include="src\PluginFacade.h">
      <Filter>src</Filter>
    </ClInclude>
    <ClInclude Include="src\Looting\TryLootREFR.h">
      <Filter>src\Looting</Filter>
    </ClInclude>
    <ClInclude Include="src\Looting\ScanGovernor.h">
      <Filter>src\Looting</Filter>
    </ClInclude>
    <ClInclude Include="src\WorldState\VisitedPlaces.h">
      <Filter>src\WorldState</Filter>
    </ClInclude>
    <ClInclude Include="src\WorldState\PartyMembers.h">
      <Filter>src\WorldState</Filter>
    </ClInclude>
    <ClInclude Include="src\Data\CosaveData.h">
      <Filter>src\Data</Filter>
    </ClInclude>
    <ClInclude Include="src\WorldState\AdventureTargets.h">
      <Filter>src\WorldState</Filter>
    </ClInclude>
    <ClInclude Include="src\Looting\NPCFilter.h">
      <Filter>src\Looting</Filter>
    </ClInclude>
    <ClInclude Include="src\WorldState\PlacedObjects.h">
      <Filter>src\WorldState</Filter>
    </ClInclude>
    <ClInclude Include="src\WorldState\QuestTargets.h">
      <Filter>src\WorldState</Filter>
    </ClInclude>
    <ClInclude Include="src\WorldState\PositionData.h">
      <Filter>src\WorldState</Filter>
    </ClInclude>
    <ClInclude Include="src\WorldState\GameCalendar.h">
      <Filter>src\WorldState</Filter>
    </ClInclude>
    <ClInclude Include="src\WorldState\Saga.h">
      <Filter>src\WorldState</Filter>
    </ClInclude>
  </ItemGroup>
  <ItemGroup>
    <Filter Include="resources">
      <UniqueIdentifier>{a4f07f14-48c8-4bcf-8c16-f1fb15526ea8}</UniqueIdentifier>
    </Filter>
    <Filter Include="Config">
      <UniqueIdentifier>{b875b5fc-c381-473b-9a72-57e3f75fee2b}</UniqueIdentifier>
    </Filter>
    <Filter Include="Localization">
      <UniqueIdentifier>{20fe0740-4b0b-4fcb-99a0-149f2b234449}</UniqueIdentifier>
    </Filter>
    <Filter Include="Papyrus Source">
      <UniqueIdentifier>{80326a15-e29b-42fa-ab74-00049edf6fd7}</UniqueIdentifier>
    </Filter>
    <Filter Include="Edit Scripts">
      <UniqueIdentifier>{e43f4006-6e90-4531-b6b3-7e142c27e962}</UniqueIdentifier>
    </Filter>
    <Filter Include="src">
      <UniqueIdentifier>{a2be940c-dd1e-42f2-a11a-ff545a7bbc4c}</UniqueIdentifier>
    </Filter>
    <Filter Include="src\Collections">
      <UniqueIdentifier>{f52345d8-cfb8-48ce-8990-78ed81d5fe28}</UniqueIdentifier>
    </Filter>
    <Filter Include="src\FormHelpers">
      <UniqueIdentifier>{71f0c7fc-4d62-413e-afdf-5872914dd97c}</UniqueIdentifier>
    </Filter>
    <Filter Include="src\WorldState">
      <UniqueIdentifier>{ab586002-23ae-417c-b55d-c9819b9b8398}</UniqueIdentifier>
    </Filter>
    <Filter Include="src\Looting">
      <UniqueIdentifier>{4b2ddf86-624b-4574-a70f-8ab10729627e}</UniqueIdentifier>
    </Filter>
    <Filter Include="src\Data">
      <UniqueIdentifier>{b9bba89f-6191-4fa6-8e68-03bb0cd20112}</UniqueIdentifier>
    </Filter>
    <Filter Include="src\VM">
      <UniqueIdentifier>{3a928258-4bb6-4b6f-b2eb-9c8fdc327acc}</UniqueIdentifier>
    </Filter>
    <Filter Include="src\Utilities">
      <UniqueIdentifier>{08d9c783-62e2-4fe7-b6be-272995f8b358}</UniqueIdentifier>
    </Filter>
    <Filter Include="Collections">
      <UniqueIdentifier>{ebd3eb26-1790-488b-aa4a-c13042aec46a}</UniqueIdentifier>
    </Filter>
    <Filter Include="Collections\Schema">
      <UniqueIdentifier>{d90f512a-69bc-44ce-b4fe-7d0e022f8dbe}</UniqueIdentifier>
    </Filter>
    <Filter Include="Collections\Examples">
      <UniqueIdentifier>{28f6f8ad-c267-491e-b008-ac1eeab42454}</UniqueIdentifier>
    </Filter>
    <Filter Include="src\alglib">
      <UniqueIdentifier>{1d6e1faa-e6bf-4ae8-8ece-658e06abe5fa}</UniqueIdentifier>
    </Filter>
    <Filter Include="Filters">
      <UniqueIdentifier>{f7416c91-6f98-40bb-b2c3-33bff5426b58}</UniqueIdentifier>
    </Filter>
    <Filter Include="Batch">
      <UniqueIdentifier>{c3f9f145-be00-43d2-9254-10c5523d47ae}</UniqueIdentifier>
    </Filter>
  </ItemGroup>
  <ItemGroup>
    <None Include="exports.def">
      <Filter>resources</Filter>
    </None>
    <None Include="Config\SmartHarvestSE.ini">
      <Filter>Config</Filter>
    </None>
    <None Include="Collections\Examples\SHSE.Collections.Hunterborn.json">
      <Filter>Collections\Examples</Filter>
    </None>
    <None Include="Collections\Examples\SHSE.Collections.LoTD.json">
      <Filter>Collections\Examples</Filter>
    </None>
    <None Include="Collections\Examples\SHSE.Collections.Samples.json">
      <Filter>Collections\Examples</Filter>
    </None>
    <None Include="Collections\Schema\SHSE.SchemaCollections.json">
      <Filter>Collections\Schema</Filter>
    </None>
    <None Include="Scripts\SHSE_EventsAlias.psc">
      <Filter>Papyrus Source</Filter>
    </None>
    <None Include="Scripts\SHSE_MCM.psc">
      <Filter>Papyrus Source</Filter>
    </None>
    <None Include="Scripts\SHSE_PluginProxy.psc">
      <Filter>Papyrus Source</Filter>
    </None>
    <None Include="Collections\Examples\SHSE.Collections.Uniques.json">
      <Filter>Collections\Examples</Filter>
    </None>
    <None Include="Collections\Edit Scripts\SHSE Find Collectible FLSTs.pas">
      <Filter>Edit Scripts</Filter>
    </None>
    <None Include="Collections\Examples\SHSE.Collections.Errors.json">
      <Filter>Collections\Examples</Filter>
    </None>
    <None Include="Collections\Examples\SHSE.Collections.ManualLoot.json">
      <Filter>Collections\Examples</Filter>
    </None>
    <None Include="Collections\Examples\SHSE.Collections.BlackList.json">
      <Filter>Collections\Examples</Filter>
    </None>
    <None Include="Config\SmartHarvestSE.Defaults.ini">
      <Filter>Config</Filter>
    </None>
    <None Include="Collections\Examples\SHSE.Collections.LoTD2.json">
      <Filter>Collections\Examples</Filter>
    </None>
    <None Include="Filters\SHSE.SchemaFilters.json">
      <Filter>Filters</Filter>
    </None>
    <None Include="Filters\SHSE.Filter.DeadBody.json">
      <Filter>Filters</Filter>
    </None>
    <None Include="Batch\build-artifacts-rar.bat">
      <Filter>Batch</Filter>
    </None>
  </ItemGroup>
  <ItemGroup>
    <Text Include="Interface\translations\SmartHarvestSE_czech.txt">
      <Filter>Localization</Filter>
    </Text>
    <Text Include="Interface\translations\SmartHarvestSE_english.txt">
      <Filter>Localization</Filter>
    </Text>
    <Text Include="Interface\translations\SmartHarvestSE_french.txt">
      <Filter>Localization</Filter>
    </Text>
    <Text Include="Interface\translations\SmartHarvestSE_german.txt">
      <Filter>Localization</Filter>
    </Text>
    <Text Include="Interface\translations\SmartHarvestSE_italian.txt">
      <Filter>Localization</Filter>
    </Text>
    <Text Include="Interface\translations\SmartHarvestSE_japanese.txt">
      <Filter>Localization</Filter>
    </Text>
    <Text Include="Interface\translations\SmartHarvestSE_polish.txt">
      <Filter>Localization</Filter>
    </Text>
    <Text Include="Interface\translations\SmartHarvestSE_russian.txt">
      <Filter>Localization</Filter>
    </Text>
    <Text Include="Interface\translations\SmartHarvestSE_spanish.txt">
      <Filter>Localization</Filter>
    </Text>
  </ItemGroup>
  <ItemGroup>
    <ResourceCompile Include="SmartHarvestSE.rc">
      <Filter>resources</Filter>
    </ResourceCompile>
  </ItemGroup>
  <ItemGroup>
    <Image Include="Interface\towawot\AutoHarvestSE.dds">
      <Filter>resources</Filter>
    </Image>
  </ItemGroup>
</Project>