<?xml version="1.0" encoding="utf-8"?>
<Project ToolsVersion="4.0" xmlns="http://schemas.microsoft.com/developer/msbuild/2003">
  <ItemGroup>
    <ClCompile Include="main.cpp" />
    <ClCompile Include="papyrus.cpp" />
    <ClCompile Include="debugs.cpp">
      <Filter>Utilities</Filter>
    </ClCompile>
    <ClCompile Include="PrecompiledHeaders.cpp" />
    <ClCompile Include="AlchemyItemHelper.cpp">
      <Filter>FormHelpers</Filter>
    </ClCompile>
    <ClCompile Include="ExtraDataListHelper.cpp">
      <Filter>FormHelpers</Filter>
    </ClCompile>
    <ClCompile Include="EnchantmentItemHelper.cpp">
      <Filter>FormHelpers</Filter>
    </ClCompile>
    <ClCompile Include="IHasValueWeight.cpp">
      <Filter>FormHelpers</Filter>
    </ClCompile>
    <ClCompile Include="PlayerCellHelper.cpp">
      <Filter>FormHelpers</Filter>
    </ClCompile>
    <ClCompile Include="version.cpp">
      <Filter>Utilities</Filter>
    </ClCompile>
    <ClCompile Include="StackWalker.cpp">
      <Filter>Utilities</Filter>
    </ClCompile>
    <ClCompile Include="LogStackWalker.cpp">
      <Filter>Utilities</Filter>
    </ClCompile>
    <ClCompile Include="ArmorHelper.cpp">
      <Filter>FormHelpers</Filter>
    </ClCompile>
    <ClCompile Include="WeaponHelper.cpp">
      <Filter>FormHelpers</Filter>
    </ClCompile>
    <ClCompile Include="FormHelper.cpp">
      <Filter>FormHelpers</Filter>
    </ClCompile>
    <ClCompile Include="dataCase.cpp">
      <Filter>Data</Filter>
    </ClCompile>
    <ClCompile Include="LoadOrder.cpp">
      <Filter>Data</Filter>
    </ClCompile>
    <ClCompile Include="containerLister.cpp">
      <Filter>Looting</Filter>
    </ClCompile>
    <ClCompile Include="iniSettings.cpp">
      <Filter>Data</Filter>
    </ClCompile>
    <ClCompile Include="InventoryItem.cpp">
      <Filter>Looting</Filter>
    </ClCompile>
    <ClCompile Include="objects.cpp">
      <Filter>Looting</Filter>
    </ClCompile>
    <ClCompile Include="CollectionManager.cpp">
      <Filter>Collections</Filter>
    </ClCompile>
    <ClCompile Include="RecursiveLock.cpp">
      <Filter>Utilities</Filter>
    </ClCompile>
    <ClCompile Include="SimpleIni.cpp">
      <Filter>Data</Filter>
    </ClCompile>
    <ClCompile Include="sound.cpp">
      <Filter>FormHelpers</Filter>
    </ClCompile>
    <ClCompile Include="tasks.cpp">
      <Filter>Looting</Filter>
    </ClCompile>
    <ClCompile Include="utils.cpp">
      <Filter>Utilities</Filter>
    </ClCompile>
    <ClCompile Include="Condition.cpp">
      <Filter>Collections</Filter>
    </ClCompile>
    <ClCompile Include="Exception.cpp">
      <Filter>Utilities</Filter>
    </ClCompile>
    <ClCompile Include="CollectionFactory.cpp">
      <Filter>Collections</Filter>
    </ClCompile>
    <ClCompile Include="Collection.cpp">
      <Filter>Collections</Filter>
    </ClCompile>
    <ClCompile Include="IRangeChecker.cpp">
      <Filter>Utilities</Filter>
    </ClCompile>
    <ClCompile Include="EventPublisher.cpp">
      <Filter>Utilities</Filter>
    </ClCompile>
    <ClCompile Include="UIState.cpp">
      <Filter>Utilities</Filter>
    </ClCompile>
    <ClCompile Include="LocationTracker.cpp">
      <Filter>Utilities</Filter>
    </ClCompile>
    <ClCompile Include="PopulationCenters.cpp">
      <Filter>Looting</Filter>
    </ClCompile>
    <ClCompile Include="PlayerState.cpp">
      <Filter>Utilities</Filter>
    </ClCompile>
    <ClCompile Include="PlayerHouses.cpp">
      <Filter>Looting</Filter>
    </ClCompile>
    <ClCompile Include="ManagedLists.cpp">
      <Filter>Looting</Filter>
    </ClCompile>
    <ClCompile Include="ProducerLootables.cpp">
      <Filter>Looting</Filter>
    </ClCompile>
    <ClCompile Include="ActorTracker.cpp">
      <Filter>Looting</Filter>
    </ClCompile>
  </ItemGroup>
  <ItemGroup>
    <ClInclude Include="papyrus.h" />
    <ClInclude Include="debugs.h">
      <Filter>Utilities</Filter>
    </ClInclude>
    <ClInclude Include="PrecompiledHeaders.h" />
    <ClInclude Include="version.h">
      <Filter>Utilities</Filter>
    </ClInclude>
    <ClInclude Include="AlchemyItemHelper.h">
      <Filter>FormHelpers</Filter>
    </ClInclude>
    <ClInclude Include="ExtraDataListHelper.h">
      <Filter>FormHelpers</Filter>
    </ClInclude>
    <ClInclude Include="EnchantmentItemHelper.h">
      <Filter>FormHelpers</Filter>
    </ClInclude>
    <ClInclude Include="IHasValueWeight.h">
      <Filter>FormHelpers</Filter>
    </ClInclude>
    <ClInclude Include="PlayerCellHelper.h">
      <Filter>FormHelpers</Filter>
    </ClInclude>
    <ClInclude Include="StackWalker.h">
      <Filter>Utilities</Filter>
    </ClInclude>
    <ClInclude Include="LogStackWalker.h">
      <Filter>Utilities</Filter>
    </ClInclude>
    <ClInclude Include="ArmorHelper.h">
      <Filter>FormHelpers</Filter>
    </ClInclude>
    <ClInclude Include="WeaponHelper.h">
      <Filter>FormHelpers</Filter>
    </ClInclude>
    <ClInclude Include="FormHelper.h">
      <Filter>FormHelpers</Filter>
    </ClInclude>
    <ClInclude Include="dataCase.h">
      <Filter>Data</Filter>
    </ClInclude>
    <ClInclude Include="LoadOrder.h">
      <Filter>Data</Filter>
    </ClInclude>
    <ClInclude Include="containerLister.h">
      <Filter>Looting</Filter>
    </ClInclude>
    <ClInclude Include="iniSettings.h">
      <Filter>Data</Filter>
    </ClInclude>
    <ClInclude Include="InventoryItem.h">
      <Filter>Looting</Filter>
    </ClInclude>
    <ClInclude Include="objects.h">
      <Filter>Looting</Filter>
    </ClInclude>
    <ClInclude Include="ObjectType.h">
      <Filter>Looting</Filter>
    </ClInclude>
    <ClInclude Include="CollectionManager.h">
      <Filter>Collections</Filter>
    </ClInclude>
    <ClInclude Include="RecursiveLock.h">
      <Filter>Utilities</Filter>
    </ClInclude>
    <ClInclude Include="SimpleIni.h">
      <Filter>Data</Filter>
    </ClInclude>
    <ClInclude Include="sound.h">
      <Filter>FormHelpers</Filter>
    </ClInclude>
    <ClInclude Include="tasks.h">
      <Filter>Looting</Filter>
    </ClInclude>
    <ClInclude Include="utils.h">
      <Filter>Utilities</Filter>
    </ClInclude>
    <ClInclude Include="resource1.h">
      <Filter>resources</Filter>
    </ClInclude>
    <ClInclude Include="Condition.h">
      <Filter>Collections</Filter>
    </ClInclude>
    <ClInclude Include="Exception.h">
      <Filter>Utilities</Filter>
    </ClInclude>
    <ClInclude Include="CollectionFactory.h">
      <Filter>Collections</Filter>
    </ClInclude>
    <ClInclude Include="Collection.h">
      <Filter>Collections</Filter>
    </ClInclude>
    <ClInclude Include="LogWrapper.h">
      <Filter>Utilities</Filter>
    </ClInclude>
    <ClInclude Include="BoundedList.h">
      <Filter>Utilities</Filter>
    </ClInclude>
    <ClInclude Include="IRangeChecker.h">
      <Filter>Utilities</Filter>
    </ClInclude>
    <ClInclude Include="EventPublisher.h">
      <Filter>Utilities</Filter>
    </ClInclude>
    <ClInclude Include="UIState.h">
      <Filter>Utilities</Filter>
    </ClInclude>
    <ClInclude Include="LocationTracker.h">
      <Filter>Utilities</Filter>
    </ClInclude>
    <ClInclude Include="PopulationCenters.h">
      <Filter>Looting</Filter>
    </ClInclude>
    <ClInclude Include="PlayerState.h">
      <Filter>Utilities</Filter>
    </ClInclude>
    <ClInclude Include="PlayerHouses.h">
      <Filter>Looting</Filter>
    </ClInclude>
    <ClInclude Include="versiondb.h">
      <Filter>Utilities</Filter>
    </ClInclude>
    <ClInclude Include="ManagedLists.h">
      <Filter>Looting</Filter>
    </ClInclude>
    <ClInclude Include="ProducerLootables.h">
      <Filter>Looting</Filter>
    </ClInclude>
    <ClInclude Include="ActorTracker.h">
      <Filter>Looting</Filter>
    </ClInclude>
    <ClInclude Include="Enums.h">
      <Filter>Utilities</Filter>
    </ClInclude>
  </ItemGroup>
  <ItemGroup>
    <Filter Include="resources">
      <UniqueIdentifier>{a4f07f14-48c8-4bcf-8c16-f1fb15526ea8}</UniqueIdentifier>
    </Filter>
    <Filter Include="Config">
      <UniqueIdentifier>{b875b5fc-c381-473b-9a72-57e3f75fee2b}</UniqueIdentifier>
    </Filter>
    <Filter Include="Config\TSV">
      <UniqueIdentifier>{b5922a93-b69b-49fd-9386-b964f03bb6bd}</UniqueIdentifier>
    </Filter>
    <Filter Include="Localization">
      <UniqueIdentifier>{20fe0740-4b0b-4fcb-99a0-149f2b234449}</UniqueIdentifier>
    </Filter>
    <Filter Include="Papyrus Source">
      <UniqueIdentifier>{80326a15-e29b-42fa-ab74-00049edf6fd7}</UniqueIdentifier>
    </Filter>
    <Filter Include="Data">
      <UniqueIdentifier>{7c36c054-5d9a-46f0-8b9c-8cbb7d462f76}</UniqueIdentifier>
    </Filter>
    <Filter Include="Looting">
      <UniqueIdentifier>{4b2ddf86-624b-4574-a70f-8ab10729627e}</UniqueIdentifier>
    </Filter>
    <Filter Include="Collections">
      <UniqueIdentifier>{f52345d8-cfb8-48ce-8990-78ed81d5fe28}</UniqueIdentifier>
    </Filter>
    <Filter Include="FormHelpers">
      <UniqueIdentifier>{71f0c7fc-4d62-413e-afdf-5872914dd97c}</UniqueIdentifier>
    </Filter>
    <Filter Include="Utilities">
      <UniqueIdentifier>{3d5515fb-a938-4b89-89c8-a9bdc2656b3b}</UniqueIdentifier>
    </Filter>
    <Filter Include="Edit Scripts">
      <UniqueIdentifier>{e43f4006-6e90-4531-b6b3-7e142c27e962}</UniqueIdentifier>
    </Filter>
  </ItemGroup>
  <ItemGroup>
    <None Include="exports.def">
      <Filter>resources</Filter>
    </None>
    <None Include="Config\default\WhiteList.tsv">
      <Filter>Config\TSV</Filter>
    </None>
    <None Include="Config\default\BlackList.tsv">
      <Filter>Config\TSV</Filter>
    </None>
    <None Include="Scripts\SmartHarvestSE.psc">
      <Filter>Papyrus Source</Filter>
    </None>
    <None Include="Scripts\SmartHarvestSE_Events_Alias.psc">
      <Filter>Papyrus Source</Filter>
    </None>
    <None Include="Scripts\SmartHarvestSE_mcm.psc">
      <Filter>Papyrus Source</Filter>
    </None>
    <None Include="Config\SmartHarvestSE.ini">
      <Filter>Config</Filter>
    </None>
    <None Include="Edit Scripts\SHSE Find Collectible FLSTs.pas">
      <Filter>Edit Scripts</Filter>
    </None>
    <None Include="Config\SHSE.Collections.LoTD.json">
      <Filter>Config</Filter>
    </None>
    <None Include="Config\SHSE.Collections.Samples.json">
      <Filter>Config</Filter>
    </None>
    <None Include="Config\SHSE.SchemaCollections.json">
      <Filter>Config</Filter>
    </None>
  </ItemGroup>
  <ItemGroup>
    <Text Include="Interface\translations\SmartHarvestSE_czech.txt">
      <Filter>Localization</Filter>
    </Text>
    <Text Include="Interface\translations\SmartHarvestSE_english.txt">
      <Filter>Localization</Filter>
    </Text>
    <Text Include="Interface\translations\SmartHarvestSE_french.txt">
      <Filter>Localization</Filter>
    </Text>
    <Text Include="Interface\translations\SmartHarvestSE_german.txt">
      <Filter>Localization</Filter>
    </Text>
    <Text Include="Interface\translations\SmartHarvestSE_italian.txt">
      <Filter>Localization</Filter>
    </Text>
    <Text Include="Interface\translations\SmartHarvestSE_japanese.txt">
      <Filter>Localization</Filter>
    </Text>
    <Text Include="Interface\translations\SmartHarvestSE_polish.txt">
      <Filter>Localization</Filter>
    </Text>
    <Text Include="Interface\translations\SmartHarvestSE_russian.txt">
      <Filter>Localization</Filter>
    </Text>
    <Text Include="Interface\translations\SmartHarvestSE_spanish.txt">
      <Filter>Localization</Filter>
    </Text>
  </ItemGroup>
  <ItemGroup>
    <ResourceCompile Include="SmartHarvestSE.rc">
      <Filter>resources</Filter>
    </ResourceCompile>
  </ItemGroup>
  <ItemGroup>
    <Image Include="Interface\towawot\AutoHarvestSE.dds">
      <Filter>resources</Filter>
    </Image>
  </ItemGroup>
</Project>