<?xml version="1.0" encoding="utf-8"?>
<Project ToolsVersion="4.0" xmlns="http://schemas.microsoft.com/developer/msbuild/2003">
  <ItemGroup>
    <ClCompile Include="main.cpp" />
    <ClCompile Include="papyrus.cpp" />
    <ClCompile Include="debugs.cpp">
      <Filter>Utilities</Filter>
    </ClCompile>
    <ClCompile Include="PrecompiledHeaders.cpp" />
    <ClCompile Include="version.cpp">
      <Filter>Utilities</Filter>
    </ClCompile>
    <ClCompile Include="StackWalker.cpp">
      <Filter>Utilities</Filter>
    </ClCompile>
    <ClCompile Include="LogStackWalker.cpp">
      <Filter>Utilities</Filter>
    </ClCompile>
    <ClCompile Include="RecursiveLock.cpp">
      <Filter>Utilities</Filter>
    </ClCompile>
    <ClCompile Include="utils.cpp">
      <Filter>Utilities</Filter>
    </ClCompile>
    <ClCompile Include="Exception.cpp">
      <Filter>Utilities</Filter>
    </ClCompile>
    <ClCompile Include="IRangeChecker.cpp">
      <Filter>Utilities</Filter>
    </ClCompile>
    <ClCompile Include="EventPublisher.cpp">
      <Filter>Utilities</Filter>
    </ClCompile>
    <ClCompile Include="UIState.cpp">
      <Filter>Utilities</Filter>
    </ClCompile>
    <ClCompile Include="src\Collections\Collection.cpp">
      <Filter>src\Collections</Filter>
    </ClCompile>
    <ClCompile Include="src\Collections\CollectionFactory.cpp">
      <Filter>src\Collections</Filter>
    </ClCompile>
    <ClCompile Include="src\Collections\CollectionManager.cpp">
      <Filter>src\Collections</Filter>
    </ClCompile>
    <ClCompile Include="src\Collections\Condition.cpp">
      <Filter>src\Collections</Filter>
    </ClCompile>
    <ClCompile Include="src\FormHelpers\AlchemyItemHelper.cpp">
      <Filter>src\FormHelpers</Filter>
    </ClCompile>
    <ClCompile Include="src\FormHelpers\ArmorHelper.cpp">
      <Filter>src\FormHelpers</Filter>
    </ClCompile>
    <ClCompile Include="src\FormHelpers\EnchantmentItemHelper.cpp">
      <Filter>src\FormHelpers</Filter>
    </ClCompile>
    <ClCompile Include="src\FormHelpers\ExtraDataListHelper.cpp">
      <Filter>src\FormHelpers</Filter>
    </ClCompile>
    <ClCompile Include="src\FormHelpers\FormHelper.cpp">
      <Filter>src\FormHelpers</Filter>
    </ClCompile>
    <ClCompile Include="src\FormHelpers\IHasValueWeight.cpp">
      <Filter>src\FormHelpers</Filter>
    </ClCompile>
    <ClCompile Include="src\FormHelpers\PlayerCellHelper.cpp">
      <Filter>src\FormHelpers</Filter>
    </ClCompile>
    <ClCompile Include="src\FormHelpers\sound.cpp">
      <Filter>src\FormHelpers</Filter>
    </ClCompile>
    <ClCompile Include="src\FormHelpers\WeaponHelper.cpp">
      <Filter>src\FormHelpers</Filter>
    </ClCompile>
    <ClCompile Include="src\WorldState\ActorTracker.cpp">
      <Filter>src\WorldState</Filter>
    </ClCompile>
    <ClCompile Include="src\WorldState\LocationTracker.cpp">
      <Filter>src\WorldState</Filter>
    </ClCompile>
    <ClCompile Include="src\WorldState\PlayerHouses.cpp">
      <Filter>src\WorldState</Filter>
    </ClCompile>
    <ClCompile Include="src\WorldState\PlayerState.cpp">
      <Filter>src\WorldState</Filter>
    </ClCompile>
    <ClCompile Include="src\WorldState\PopulationCenters.cpp">
      <Filter>src\WorldState</Filter>
    </ClCompile>
    <ClCompile Include="src\Looting\containerLister.cpp">
      <Filter>src\Looting</Filter>
    </ClCompile>
    <ClCompile Include="src\Looting\InventoryItem.cpp">
      <Filter>src\Looting</Filter>
    </ClCompile>
    <ClCompile Include="src\Looting\ManagedLists.cpp">
      <Filter>src\Looting</Filter>
    </ClCompile>
    <ClCompile Include="src\Looting\objects.cpp">
      <Filter>src\Looting</Filter>
    </ClCompile>
    <ClCompile Include="src\Looting\ProducerLootables.cpp">
      <Filter>src\Looting</Filter>
    </ClCompile>
    <ClCompile Include="src\Looting\tasks.cpp">
      <Filter>src\Looting</Filter>
    </ClCompile>
    <ClCompile Include="src\Data\dataCase.cpp">
      <Filter>src\Data</Filter>
    </ClCompile>
    <ClCompile Include="src\Data\iniSettings.cpp">
      <Filter>src\Data</Filter>
    </ClCompile>
    <ClCompile Include="src\Data\LoadOrder.cpp">
      <Filter>src\Data</Filter>
    </ClCompile>
    <ClCompile Include="src\Data\SimpleIni.cpp">
      <Filter>src\Data</Filter>
    </ClCompile>
    <ClCompile Include="src\Utilities\debugs.cpp">
      <Filter>src\Utilities</Filter>
    </ClCompile>
    <ClCompile Include="src\Utilities\Exception.cpp">
      <Filter>src\Utilities</Filter>
    </ClCompile>
    <ClCompile Include="src\Utilities\LogStackWalker.cpp">
      <Filter>src\Utilities</Filter>
    </ClCompile>
    <ClCompile Include="src\Utilities\RecursiveLock.cpp">
      <Filter>src\Utilities</Filter>
    </ClCompile>
    <ClCompile Include="src\Utilities\StackWalker.cpp">
      <Filter>src\Utilities</Filter>
    </ClCompile>
    <ClCompile Include="src\Utilities\utils.cpp">
      <Filter>src\Utilities</Filter>
    </ClCompile>
    <ClCompile Include="src\Utilities\version.cpp">
      <Filter>src\Utilities</Filter>
    </ClCompile>
    <ClCompile Include="src\Looting\IRangeChecker.cpp">
      <Filter>src\Looting</Filter>
    </ClCompile>
    <ClCompile Include="src\VM\EventPublisher.cpp">
      <Filter>src\VM</Filter>
    </ClCompile>
    <ClCompile Include="src\VM\papyrus.cpp">
      <Filter>src\VM</Filter>
    </ClCompile>
    <ClCompile Include="src\VM\UIState.cpp">
      <Filter>src\VM</Filter>
    </ClCompile>
  </ItemGroup>
  <ItemGroup>
    <ClInclude Include="papyrus.h" />
    <ClInclude Include="debugs.h">
      <Filter>Utilities</Filter>
    </ClInclude>
    <ClInclude Include="PrecompiledHeaders.h" />
    <ClInclude Include="version.h">
      <Filter>Utilities</Filter>
    </ClInclude>
    <ClInclude Include="utils.h">
      <Filter>Utilities</Filter>
    </ClInclude>
    <ClInclude Include="resource1.h">
      <Filter>resources</Filter>
    </ClInclude>
    <ClInclude Include="Exception.h">
      <Filter>Utilities</Filter>
    </ClInclude>
    <ClInclude Include="LogWrapper.h">
      <Filter>Utilities</Filter>
    </ClInclude>
    <ClInclude Include="BoundedList.h">
      <Filter>Utilities</Filter>
    </ClInclude>
    <ClInclude Include="IRangeChecker.h">
      <Filter>Utilities</Filter>
    </ClInclude>
    <ClInclude Include="EventPublisher.h">
      <Filter>Utilities</Filter>
    </ClInclude>
    <ClInclude Include="UIState.h">
      <Filter>Utilities</Filter>
    </ClInclude>
    <ClInclude Include="versiondb.h">
      <Filter>Utilities</Filter>
    </ClInclude>
    <ClInclude Include="Enums.h">
      <Filter>Utilities</Filter>
    </ClInclude>
    <ClInclude Include="src\Collections\Collection.h">
      <Filter>src\Collections</Filter>
    </ClInclude>
    <ClInclude Include="src\Collections\CollectionFactory.h">
      <Filter>src\Collections</Filter>
    </ClInclude>
    <ClInclude Include="src\Collections\CollectionManager.h">
      <Filter>src\Collections</Filter>
    </ClInclude>
    <ClInclude Include="src\Collections\Condition.h">
      <Filter>src\Collections</Filter>
    </ClInclude>
    <ClInclude Include="src\FormHelpers\AlchemyItemHelper.h">
      <Filter>src\FormHelpers</Filter>
    </ClInclude>
    <ClInclude Include="src\FormHelpers\ArmorHelper.h">
      <Filter>src\FormHelpers</Filter>
    </ClInclude>
    <ClInclude Include="src\FormHelpers\EnchantmentItemHelper.h">
      <Filter>src\FormHelpers</Filter>
    </ClInclude>
    <ClInclude Include="src\FormHelpers\ExtraDataListHelper.h">
      <Filter>src\FormHelpers</Filter>
    </ClInclude>
    <ClInclude Include="src\FormHelpers\FormHelper.h">
      <Filter>src\FormHelpers</Filter>
    </ClInclude>
    <ClInclude Include="src\FormHelpers\IHasValueWeight.h">
      <Filter>src\FormHelpers</Filter>
    </ClInclude>
    <ClInclude Include="src\FormHelpers\PlayerCellHelper.h">
      <Filter>src\FormHelpers</Filter>
    </ClInclude>
    <ClInclude Include="src\FormHelpers\sound.h">
      <Filter>src\FormHelpers</Filter>
    </ClInclude>
    <ClInclude Include="src\FormHelpers\WeaponHelper.h">
      <Filter>src\FormHelpers</Filter>
    </ClInclude>
    <ClInclude Include="src\WorldState\ActorTracker.h">
      <Filter>src\WorldState</Filter>
    </ClInclude>
    <ClInclude Include="src\WorldState\LocationTracker.h">
      <Filter>src\WorldState</Filter>
    </ClInclude>
    <ClInclude Include="src\WorldState\PlayerHouses.h">
      <Filter>src\WorldState</Filter>
    </ClInclude>
    <ClInclude Include="src\WorldState\PlayerState.h">
      <Filter>src\WorldState</Filter>
    </ClInclude>
    <ClInclude Include="src\WorldState\PopulationCenters.h">
      <Filter>src\WorldState</Filter>
    </ClInclude>
    <ClInclude Include="src\Looting\containerLister.h">
      <Filter>src\Looting</Filter>
    </ClInclude>
    <ClInclude Include="src\Looting\InventoryItem.h">
      <Filter>src\Looting</Filter>
    </ClInclude>
    <ClInclude Include="src\Looting\objects.h">
      <Filter>src\Looting</Filter>
    </ClInclude>
    <ClInclude Include="src\Looting\ObjectType.h">
      <Filter>src\Looting</Filter>
    </ClInclude>
    <ClInclude Include="src\Looting\ProducerLootables.h">
      <Filter>src\Looting</Filter>
    </ClInclude>
    <ClInclude Include="src\Looting\tasks.h">
      <Filter>src\Looting</Filter>
    </ClInclude>
    <ClInclude Include="src\Data\dataCase.h">
      <Filter>src\Data</Filter>
    </ClInclude>
    <ClInclude Include="src\Data\iniSettings.h">
      <Filter>src\Data</Filter>
    </ClInclude>
    <ClInclude Include="src\Data\LoadOrder.h">
      <Filter>src\Data</Filter>
    </ClInclude>
    <ClInclude Include="src\Data\SimpleIni.h">
      <Filter>src\Data</Filter>
    </ClInclude>
    <ClInclude Include="src\Utilities\BoundedList.h">
      <Filter>src\Utilities</Filter>
    </ClInclude>
    <ClInclude Include="src\Utilities\debugs.h">
      <Filter>src\Utilities</Filter>
    </ClInclude>
    <ClInclude Include="src\Utilities\Enums.h">
      <Filter>src\Utilities</Filter>
    </ClInclude>
    <ClInclude Include="src\Utilities\Exception.h">
      <Filter>src\Utilities</Filter>
    </ClInclude>
    <ClInclude Include="src\Utilities\LogStackWalker.h">
      <Filter>src\Utilities</Filter>
    </ClInclude>
    <ClInclude Include="src\Utilities\LogWrapper.h">
      <Filter>src\Utilities</Filter>
    </ClInclude>
    <ClInclude Include="src\Utilities\RecursiveLock.h">
      <Filter>src\Utilities</Filter>
    </ClInclude>
    <ClInclude Include="src\Utilities\StackWalker.h">
      <Filter>src\Utilities</Filter>
    </ClInclude>
    <ClInclude Include="src\Utilities\utils.h">
      <Filter>src\Utilities</Filter>
    </ClInclude>
    <ClInclude Include="src\Utilities\version.h">
      <Filter>src\Utilities</Filter>
    </ClInclude>
    <ClInclude Include="src\Utilities\versiondb.h">
      <Filter>src\Utilities</Filter>
    </ClInclude>
    <ClInclude Include="src\Looting\IRangeChecker.h">
      <Filter>src\Looting</Filter>
    </ClInclude>
    <ClInclude Include="src\VM\EventPublisher.h">
      <Filter>src\VM</Filter>
    </ClInclude>
    <ClInclude Include="src\VM\papyrus.h">
      <Filter>src\VM</Filter>
    </ClInclude>
    <ClInclude Include="src\VM\UIState.h">
      <Filter>src\VM</Filter>
    </ClInclude>
    <ClInclude Include="include\LogStackWalker.h">
      <Filter>include</Filter>
    </ClInclude>
    <ClInclude Include="include\RecursiveLock.h">
      <Filter>include</Filter>
    </ClInclude>
    <ClInclude Include="include\StackWalker.h">
      <Filter>include</Filter>
    </ClInclude>
    <ClInclude Include="include\ManagedLists.h">
      <Filter>include</Filter>
    </ClInclude>
  </ItemGroup>
  <ItemGroup>
    <Filter Include="resources">
      <UniqueIdentifier>{a4f07f14-48c8-4bcf-8c16-f1fb15526ea8}</UniqueIdentifier>
    </Filter>
    <Filter Include="Config">
      <UniqueIdentifier>{b875b5fc-c381-473b-9a72-57e3f75fee2b}</UniqueIdentifier>
    </Filter>
    <Filter Include="Config\TSV">
      <UniqueIdentifier>{b5922a93-b69b-49fd-9386-b964f03bb6bd}</UniqueIdentifier>
    </Filter>
    <Filter Include="Localization">
      <UniqueIdentifier>{20fe0740-4b0b-4fcb-99a0-149f2b234449}</UniqueIdentifier>
    </Filter>
    <Filter Include="Papyrus Source">
      <UniqueIdentifier>{80326a15-e29b-42fa-ab74-00049edf6fd7}</UniqueIdentifier>
    </Filter>
    <Filter Include="Utilities">
      <UniqueIdentifier>{3d5515fb-a938-4b89-89c8-a9bdc2656b3b}</UniqueIdentifier>
    </Filter>
    <Filter Include="Edit Scripts">
      <UniqueIdentifier>{e43f4006-6e90-4531-b6b3-7e142c27e962}</UniqueIdentifier>
    </Filter>
    <Filter Include="src">
      <UniqueIdentifier>{a2be940c-dd1e-42f2-a11a-ff545a7bbc4c}</UniqueIdentifier>
    </Filter>
    <Filter Include="src\Collections">
      <UniqueIdentifier>{f52345d8-cfb8-48ce-8990-78ed81d5fe28}</UniqueIdentifier>
    </Filter>
    <Filter Include="src\FormHelpers">
      <UniqueIdentifier>{71f0c7fc-4d62-413e-afdf-5872914dd97c}</UniqueIdentifier>
    </Filter>
    <Filter Include="src\WorldState">
      <UniqueIdentifier>{ab586002-23ae-417c-b55d-c9819b9b8398}</UniqueIdentifier>
    </Filter>
    <Filter Include="src\Looting">
      <UniqueIdentifier>{4b2ddf86-624b-4574-a70f-8ab10729627e}</UniqueIdentifier>
    </Filter>
    <Filter Include="src\Data">
      <UniqueIdentifier>{b9bba89f-6191-4fa6-8e68-03bb0cd20112}</UniqueIdentifier>
    </Filter>
    <Filter Include="src\Utilities">
      <UniqueIdentifier>{9e248e1a-5377-4a36-89ec-6c481b5ad215}</UniqueIdentifier>
    </Filter>
    <Filter Include="src\VM">
      <UniqueIdentifier>{3a928258-4bb6-4b6f-b2eb-9c8fdc327acc}</UniqueIdentifier>
    </Filter>
    <Filter Include="include">
      <UniqueIdentifier>{13a573f9-b2ab-4f9b-8c62-491f9907b4ce}</UniqueIdentifier>
    </Filter>
  </ItemGroup>
  <ItemGroup>
    <None Include="exports.def">
      <Filter>resources</Filter>
    </None>
    <None Include="Config\default\WhiteList.tsv">
      <Filter>Config\TSV</Filter>
    </None>
    <None Include="Config\default\BlackList.tsv">
      <Filter>Config\TSV</Filter>
    </None>
    <None Include="Scripts\SmartHarvestSE.psc">
      <Filter>Papyrus Source</Filter>
    </None>
    <None Include="Scripts\SmartHarvestSE_Events_Alias.psc">
      <Filter>Papyrus Source</Filter>
    </None>
    <None Include="Scripts\SmartHarvestSE_mcm.psc">
      <Filter>Papyrus Source</Filter>
    </None>
    <None Include="Config\SmartHarvestSE.ini">
      <Filter>Config</Filter>
    </None>
    <None Include="Edit Scripts\SHSE Find Collectible FLSTs.pas">
      <Filter>Edit Scripts</Filter>
    </None>
    <None Include="Config\SHSE.Collections.LoTD.json">
      <Filter>Config</Filter>
    </None>
    <None Include="Config\SHSE.Collections.Samples.json">
      <Filter>Config</Filter>
    </None>
    <None Include="Config\SHSE.SchemaCollections.json">
      <Filter>Config</Filter>
    </None>
  </ItemGroup>
  <ItemGroup>
    <Text Include="Interface\translations\SmartHarvestSE_czech.txt">
      <Filter>Localization</Filter>
    </Text>
    <Text Include="Interface\translations\SmartHarvestSE_english.txt">
      <Filter>Localization</Filter>
    </Text>
    <Text Include="Interface\translations\SmartHarvestSE_french.txt">
      <Filter>Localization</Filter>
    </Text>
    <Text Include="Interface\translations\SmartHarvestSE_german.txt">
      <Filter>Localization</Filter>
    </Text>
    <Text Include="Interface\translations\SmartHarvestSE_italian.txt">
      <Filter>Localization</Filter>
    </Text>
    <Text Include="Interface\translations\SmartHarvestSE_japanese.txt">
      <Filter>Localization</Filter>
    </Text>
    <Text Include="Interface\translations\SmartHarvestSE_polish.txt">
      <Filter>Localization</Filter>
    </Text>
    <Text Include="Interface\translations\SmartHarvestSE_russian.txt">
      <Filter>Localization</Filter>
    </Text>
    <Text Include="Interface\translations\SmartHarvestSE_spanish.txt">
      <Filter>Localization</Filter>
    </Text>
  </ItemGroup>
  <ItemGroup>
    <ResourceCompile Include="SmartHarvestSE.rc">
      <Filter>resources</Filter>
    </ResourceCompile>
  </ItemGroup>
  <ItemGroup>
    <Image Include="Interface\towawot\AutoHarvestSE.dds">
      <Filter>resources</Filter>
    </Image>
  </ItemGroup>
</Project>